Microsoft Visual Studio Solution File, Format Version 12.00
# Visual Studio Version 17
VisualStudioVersion = 17.5.2.0
MinimumVisualStudioVersion = 10.0.40219.1
Project("{FAE04EC0-301F-11D3-BF4B-00C04F79EFBC}") = "DateParserDemo", "DateParserDemo.csproj", "{1A582108-C7C8-F4DA-D9F1-2171730E6E84}"
EndProject
Global
	GlobalSection(SolutionConfigurationPlatforms) = preSolution
		Debug|Any CPU = Debug|Any CPU
		Release|Any CPU = Release|Any CPU
	EndGlobalSection
	GlobalSection(ProjectConfigurationPlatforms) = postSolution
		{1A582108-C7C8-F4DA-D9F1-2171730E6E84}.Debug|Any CPU.ActiveCfg = Debug|Any CPU
		{1A582108-C7C8-F4DA-D9F1-2171730E6E84}.Debug|Any CPU.Build.0 = Debug|Any CPU
		{1A582108-C7C8-F4DA-D9F1-2171730E6E84}.Release|Any CPU.ActiveCfg = Release|Any CPU
		{1A582108-C7C8-F4DA-D9F1-2171730E6E84}.Release|Any CPU.Build.0 = Release|Any CPU
	EndGlobalSection
	GlobalSection(SolutionProperties) = preSolution
		HideSolutionNode = FALSE
	EndGlobalSection
	GlobalSection(ExtensibilityGlobals) = postSolution
		SolutionGuid = {7222C385-5295-4228-A835-A209FEB6B98D}
	EndGlobalSection
EndGlobal
