Microsoft Visual Studio Solution File, Format Version 12.00
# Visual Studio Version 17
VisualStudioVersion = 17.5.2.0
MinimumVisualStudioVersion = 10.0.40219.1
Project("{FAE04EC0-301F-11D3-BF4B-00C04F79EFBC}") = "TextTransformerDemo", "TextTransformerDemo.csproj", "{478157EA-9572-FFBE-9A92-29D499357248}"
EndProject
Global
	GlobalSection(SolutionConfigurationPlatforms) = preSolution
		Debug|Any CPU = Debug|Any CPU
		Release|Any CPU = Release|Any CPU
	EndGlobalSection
	GlobalSection(ProjectConfigurationPlatforms) = postSolution
		{478157EA-9572-FFBE-9A92-29D499357248}.Debug|Any CPU.ActiveCfg = Debug|Any CPU
		{478157EA-9572-FFBE-9A92-29D499357248}.Debug|Any CPU.Build.0 = Debug|Any CPU
		{478157EA-9572-FFBE-9A92-29D499357248}.Release|Any CPU.ActiveCfg = Release|Any CPU
		{478157EA-9572-FFBE-9A92-29D499357248}.Release|Any CPU.Build.0 = Release|Any CPU
	EndGlobalSection
	GlobalSection(SolutionProperties) = preSolution
		HideSolutionNode = FALSE
	EndGlobalSection
	GlobalSection(ExtensibilityGlobals) = postSolution
		SolutionGuid = {3EB9406D-CE95-4AEB-B2DA-8947A9596BA4}
	EndGlobalSection
EndGlobal
